
Microsoft Visual Studio Solution File, Format Version 12.00
Project("{FAE04EC0-301F-11D3-BF4B-00C04F79EFBC}") = "Cp2", "Cp2\Cp2.csproj", "{93333FDB-B49F-4C79-8999-00E6292D8F19}"
EndProject
Global
	GlobalSection(SolutionConfigurationPlatforms) = preSolution
		Debug|Any CPU = Debug|Any CPU
		Release|Any CPU = Release|Any CPU
	EndGlobalSection
	GlobalSection(ProjectConfigurationPlatforms) = postSolution
		{93333FDB-B49F-4C79-8999-00E6292D8F19}.Debug|Any CPU.ActiveCfg = Debug|Any CPU
		{93333FDB-B49F-4C79-8999-00E6292D8F19}.Debug|Any CPU.Build.0 = Debug|Any CPU
		{93333FDB-B49F-4C79-8999-00E6292D8F19}.Release|Any CPU.ActiveCfg = Release|Any CPU
		{93333FDB-B49F-4C79-8999-00E6292D8F19}.Release|Any CPU.Build.0 = Release|Any CPU
	EndGlobalSection
EndGlobal
